
Microsoft Visual Studio Solution File, Format Version 12.00
# Visual Studio Version 17
VisualStudioVersion = 17.9.34728.123
MinimumVisualStudioVersion = 10.0.40219.1
Project("{9A19103F-16F7-4668-BE54-9A1E7A4F7556}") = "LibraryMVC", "LibraryMVC.csproj", "{29B47921-74F1-41A6-A6BC-99280B9C9609}"
EndProject
Global
	GlobalSection(SolutionConfigurationPlatforms) = preSolution
		Debug|Any CPU = Debug|Any CPU
		Release|Any CPU = Release|Any CPU
	EndGlobalSection
	GlobalSection(ProjectConfigurationPlatforms) = postSolution
		{29B47921-74F1-41A6-A6BC-99280B9C9609}.Debug|Any CPU.ActiveCfg = Debug|Any CPU
		{29B47921-74F1-41A6-A6BC-99280B9C9609}.Debug|Any CPU.Build.0 = Debug|Any CPU
		{29B47921-74F1-41A6-A6BC-99280B9C9609}.Release|Any CPU.ActiveCfg = Release|Any CPU
		{29B47921-74F1-41A6-A6BC-99280B9C9609}.Release|Any CPU.Build.0 = Release|Any CPU
	EndGlobalSection
	GlobalSection(SolutionProperties) = preSolution
		HideSolutionNode = FALSE
	EndGlobalSection
	GlobalSection(ExtensibilityGlobals) = postSolution
		SolutionGuid = {B5FDF14D-49D7-449D-9178-42EA763AD79B}
	EndGlobalSection
EndGlobal
